// !$*UTF8*$!
{
	archiveVersion = 1;
	classes = {
	};
	objectVersion = 46;
	objects = {

/* Begin PBXBuildFile section */
		0702B8B91B55C94E00918D84 /* Notification.m in Sources */ = {isa = PBXBuildFile; fileRef = 0702B8B81B55C94E00918D84 /* Notification.m */; };
		079763541B55C74C00BEB9A5 /* main.m in Sources */ = {isa = PBXBuildFile; fileRef = 079763531B55C74C00BEB9A5 /* main.m */; };
/* End PBXBuildFile section */

/* Begin PBXCopyFilesBuildPhase section */
		0797634E1B55C74C00BEB9A5 /* CopyFiles */ = {
			isa = PBXCopyFilesBuildPhase;
			buildActionMask = 2147483647;
			dstPath = /usr/share/man/man1/;
			dstSubfolderSpec = 0;
			files = (
			);
			runOnlyForDeploymentPostprocessing = 1;
		};
/* End PBXCopyFilesBuildPhase section */

/* Begin PBXFileReference section */
		0702B8B71B55C94E00918D84 /* Notification.h */ = {isa = PBXFileReference; fileEncoding = 4; lastKnownFileType = sourcecode.c.h; path = Notification.h; sourceTree = "<group>"; };
		0702B8B81B55C94E00918D84 /* Notification.m */ = {isa = PBXFileReference; fileEncoding = 4; lastKnownFileType = sourcecode.c.objc; path = Notification.m; sourceTree = "<group>"; };
		079763501B55C74C00BEB9A5 /* NotifClientMacOS */ = {isa = PBXFileReference; explicitFileType = "compiled.mach-o.executable"; includeInIndex = 0; path = NotifClientMacOS; sourceTree = BUILT_PRODUCTS_DIR; };
		079763531B55C74C00BEB9A5 /* main.m */ = {isa = PBXFileReference; lastKnownFileType = sourcecode.c.objc; path = main.m; sourceTree = "<group>"; };
/* End PBXFileReference section */

/* Begin PBXFrameworksBuildPhase section */
		0797634D1B55C74C00BEB9A5 /* Frameworks */ = {
			isa = PBXFrameworksBuildPhase;
			buildActionMask = 2147483647;
			files = (
			);
			runOnlyForDeploymentPostprocessing = 0;
		};
/* End PBXFrameworksBuildPhase section */

/* Begin PBXGroup section */
		079763471B55C74C00BEB9A5 = {
			isa = PBXGroup;
			children = (
				079763521B55C74C00BEB9A5 /* NotifClientMacOS */,
				079763511B55C74C00BEB9A5 /* Products */,
			);
			sourceTree = "<group>";
		};
		079763511B55C74C00BEB9A5 /* Products */ = {
			isa = PBXGroup;
			children = (
				079763501B55C74C00BEB9A5 /* NotifClientMacOS */,
			);
			name = Products;
			sourceTree = "<group>";
		};
		079763521B55C74C00BEB9A5 /* NotifClientMacOS */ = {
			isa = PBXGroup;
			children = (
				079763531B55C74C00BEB9A5 /* main.m */,
				0702B8B71B55C94E00918D84 /* Notification.h */,
				0702B8B81B55C94E00918D84 /* Notification.m */,
			);
			path = NotifClientMacOS;
			sourceTree = "<group>";
		};
/* End PBXGroup section */

/* Begin PBXNativeTarget section */
		0797634F1B55C74C00BEB9A5 /* NotifClientMacOS */ = {
			isa = PBXNativeTarget;
			buildConfigurationList = 079763571B55C74C00BEB9A5 /* Build configuration list for PBXNativeTarget "NotifClientMacOS" */;
			buildPhases = (
				0797634C1B55C74C00BEB9A5 /* Sources */,
				0797634D1B55C74C00BEB9A5 /* Frameworks */,
				0797634E1B55C74C00BEB9A5 /* CopyFiles */,
			);
			buildRules = (
			);
			dependencies = (
			);
			name = NotifClientMacOS;
			productName = NotifClientMacOS;
			productReference = 079763501B55C74C00BEB9A5 /* NotifClientMacOS */;
			productType = "com.apple.product-type.tool";
		};
/* End PBXNativeTarget section */

/* Begin PBXProject section */
		079763481B55C74C00BEB9A5 /* Project object */ = {
			isa = PBXProject;
			attributes = {
				LastUpgradeCheck = 0630;
				ORGANIZATIONNAME = "Carlos Mecha";
				TargetAttributes = {
					0797634F1B55C74C00BEB9A5 = {
						CreatedOnToolsVersion = 6.3.2;
					};
				};
			};
			buildConfigurationList = 0797634B1B55C74C00BEB9A5 /* Build configuration list for PBXProject "NotifClientMacOS" */;
			compatibilityVersion = "Xcode 3.2";
			developmentRegion = English;
			hasScannedForEncodings = 0;
			knownRegions = (
				en,
			);
			mainGroup = 079763471B55C74C00BEB9A5;
			productRefGroup = 079763511B55C74C00BEB9A5 /* Products */;
			projectDirPath = "";
			projectRoot = "";
			targets = (
				0797634F1B55C74C00BEB9A5 /* NotifClientMacOS */,
			);
		};
/* End PBXProject section */

/* Begin PBXSourcesBuildPhase section */
		0797634C1B55C74C00BEB9A5 /* Sources */ = {
			isa = PBXSourcesBuildPhase;
			buildActionMask = 2147483647;
			files = (
				0702B8B91B55C94E00918D84 /* Notification.m in Sources */,
				079763541B55C74C00BEB9A5 /* main.m in Sources */,
			);
			runOnlyForDeploymentPostprocessing = 0;
		};
/* End PBXSourcesBuildPhase section */

/* Begin XCBuildConfiguration section */
		079763551B55C74C00BEB9A5 /* Debug */ = {
			isa = XCBuildConfiguration;
			buildSettings = {
				ALWAYS_SEARCH_USER_PATHS = NO;
				CLANG_CXX_LANGUAGE_STANDARD = "gnu++0x";
				CLANG_CXX_LIBRARY = "libc++";
				CLANG_ENABLE_MODULES = YES;
				CLANG_ENABLE_OBJC_ARC = YES;
				CLANG_WARN_BOOL_CONVERSION = YES;
				CLANG_WARN_CONSTANT_CONVERSION = YES;
				CLANG_WARN_DIRECT_OBJC_ISA_USAGE = YES_ERROR;
				CLANG_WARN_EMPTY_BODY = YES;
				CLANG_WARN_ENUM_CONVERSION = YES;
				CLANG_WARN_INT_CONVERSION = YES;
				CLANG_WARN_OBJC_ROOT_CLASS = YES_ERROR;
				CLANG_WARN_UNREACHABLE_CODE = YES;
				CLANG_WARN__DUPLICATE_METHOD_MATCH = YES;
				COPY_PHASE_STRIP = NO;
				DEBUG_INFORMATION_FORMAT = dwarf;
				ENABLE_STRICT_OBJC_MSGSEND = YES;
				GCC_C_LANGUAGE_STANDARD = gnu99;
				GCC_DYNAMIC_NO_PIC = NO;
				GCC_NO_COMMON_BLOCKS = YES;
				GCC_OPTIMIZATION_LEVEL = 0;
				GCC_PREPROCESSOR_DEFINITIONS = (
					"DEBUG=1",
					"$(inherited)",
				);
				GCC_SYMBOLS_PRIVATE_EXTERN = NO;
				GCC_WARN_64_TO_32_BIT_CONVERSION = YES;
				GCC_WARN_ABOUT_RETURN_TYPE = YES_ERROR;
				GCC_WARN_UNDECLARED_SELECTOR = YES;
				GCC_WARN_UNINITIALIZED_AUTOS = YES_AGGRESSIVE;
				GCC_WARN_UNUSED_FUNCTION = YES;
				GCC_WARN_UNUSED_VARIABLE = YES;
				MACOSX_DEPLOYMENT_TARGET = 10.10;
				MTL_ENABLE_DEBUG_INFO = YES;
				ONLY_ACTIVE_ARCH = YES;
				SDKROOT = macosx;
			};
			name = Debug;
		};
		079763561B55C74C00BEB9A5 /* Release */ = {
			isa = XCBuildConfiguration;
			buildSettings = {
				ALWAYS_SEARCH_USER_PATHS = NO;
				CLANG_CXX_LANGUAGE_STANDARD = "gnu++0x";
				CLANG_CXX_LIBRARY = "libc++";
				CLANG_ENABLE_MODULES = YES;
				CLANG_ENABLE_OBJC_ARC = YES;
				CLANG_WARN_BOOL_CONVERSION = YES;
				CLANG_WARN_CONSTANT_CONVERSION = YES;
				CLANG_WARN_DIRECT_OBJC_ISA_USAGE = YES_ERROR;
				CLANG_WARN_EMPTY_BODY = YES;
				CLANG_WARN_ENUM_CONVERSION = YES;
				CLANG_WARN_INT_CONVERSION = YES;
				CLANG_WARN_OBJC_ROOT_CLASS = YES_ERROR;
				CLANG_WARN_UNREACHABLE_CODE = YES;
				CLANG_WARN__DUPLICATE_METHOD_MATCH = YES;
				COPY_PHASE_STRIP = NO;
				DEBUG_INFORMATION_FORMAT = "dwarf-with-dsym";
				ENABLE_NS_ASSERTIONS = NO;
				ENABLE_STRICT_OBJC_MSGSEND = YES;
				GCC_C_LANGUAGE_STANDARD = gnu99;
				GCC_NO_COMMON_BLOCKS = YES;
				GCC_WARN_64_TO_32_BIT_CONVERSION = YES;
				GCC_WARN_ABOUT_RETURN_TYPE = YES_ERROR;
				GCC_WARN_UNDECLARED_SELECTOR = YES;
				GCC_WARN_UNINITIALIZED_AUTOS = YES_AGGRESSIVE;
				GCC_WARN_UNUSED_FUNCTION = YES;
				GCC_WARN_UNUSED_VARIABLE = YES;
				MACOSX_DEPLOYMENT_TARGET = 10.10;
				MTL_ENABLE_DEBUG_INFO = NO;
				SDKROOT = macosx;
			};
			name = Release;
		};
		079763581B55C74C00BEB9A5 /* Debug */ = {
			isa = XCBuildConfiguration;
			buildSettings = {
				PRODUCT_NAME = "$(TARGET_NAME)";
			};
			name = Debug;
		};
		079763591B55C74C00BEB9A5 /* Release */ = {
			isa = XCBuildConfiguration;
			buildSettings = {
				PRODUCT_NAME = "$(TARGET_NAME)";
			};
			name = Release;
		};
/* End XCBuildConfiguration section */

/* Begin XCConfigurationList section */
		0797634B1B55C74C00BEB9A5 /* Build configuration list for PBXProject "NotifClientMacOS" */ = {
			isa = XCConfigurationList;
			buildConfigurations = (
				079763551B55C74C00BEB9A5 /* Debug */,
				079763561B55C74C00BEB9A5 /* Release */,
			);
			defaultConfigurationIsVisible = 0;
			defaultConfigurationName = Release;
		};
		079763571B55C74C00BEB9A5 /* Build configuration list for PBXNativeTarget "NotifClientMacOS" */ = {
			isa = XCConfigurationList;
			buildConfigurations = (
				079763581B55C74C00BEB9A5 /* Debug */,
				079763591B55C74C00BEB9A5 /* Release */,
			);
			defaultConfigurationIsVisible = 0;
			defaultConfigurationName = Release;
		};
/* End XCConfigurationList section */
	};
	rootObject = 079763481B55C74C00BEB9A5 /* Project object */;
}
